// !$*UTF8*$!
{
	archiveVersion = 1;
	classes = {
	};
	objectVersion = 46;
	objects = {

/* Begin PBXBuildFile section */
		45ADA0031F5CF89A00DACBD2 /* main.m in Sources */ = {isa = PBXBuildFile; fileRef = 45ADA0021F5CF89A00DACBD2 /* main.m */; };
		45ADA0061F5CF89A00DACBD2 /* AppDelegate.m in Sources */ = {isa = PBXBuildFile; fileRef = 45ADA0051F5CF89A00DACBD2 /* AppDelegate.m */; };
		45ADA0091F5CF89A00DACBD2 /* ViewController.m in Sources */ = {isa = PBXBuildFile; fileRef = 45ADA0081F5CF89A00DACBD2 /* ViewController.m */; };
		45ADA00C1F5CF89A00DACBD2 /* Main.storyboard in Resources */ = {isa = PBXBuildFile; fileRef = 45ADA00A1F5CF89A00DACBD2 /* Main.storyboard */; };
		45ADA00E1F5CF89A00DACBD2 /* Assets.xcassets in Resources */ = {isa = PBXBuildFile; fileRef = 45ADA00D1F5CF89A00DACBD2 /* Assets.xcassets */; };
		45ADA0111F5CF89A00DACBD2 /* LaunchScreen.storyboard in Resources */ = {isa = PBXBuildFile; fileRef = 45ADA00F1F5CF89A00DACBD2 /* LaunchScreen.storyboard */; };
/* End PBXBuildFile section */

/* Begin PBXFileReference section */
		45AD9FFE1F5CF89A00DACBD2 /* LocalNotificationDemo.app */ = {isa = PBXFileReference; explicitFileType = wrapper.application; includeInIndex = 0; path = LocalNotificationDemo.app; sourceTree = BUILT_PRODUCTS_DIR; };
		45ADA0021F5CF89A00DACBD2 /* main.m */ = {isa = PBXFileReference; lastKnownFileType = sourcecode.c.objc; path = main.m; sourceTree = "<group>"; };
		45ADA0041F5CF89A00DACBD2 /* AppDelegate.h */ = {isa = PBXFileReference; lastKnownFileType = sourcecode.c.h; path = AppDelegate.h; sourceTree = "<group>"; };
		45ADA0051F5CF89A00DACBD2 /* AppDelegate.m */ = {isa = PBXFileReference; lastKnownFileType = sourcecode.c.objc; path = AppDelegate.m; sourceTree = "<group>"; };
		45ADA0071F5CF89A00DACBD2 /* ViewController.h */ = {isa = PBXFileReference; lastKnownFileType = sourcecode.c.h; path = ViewController.h; sourceTree = "<group>"; };
		45ADA0081F5CF89A00DACBD2 /* ViewController.m */ = {isa = PBXFileReference; lastKnownFileType = sourcecode.c.objc; path = ViewController.m; sourceTree = "<group>"; };
		45ADA00B1F5CF89A00DACBD2 /* Base */ = {isa = PBXFileReference; lastKnownFileType = file.storyboard; name = Base; path = Base.lproj/Main.storyboard; sourceTree = "<group>"; };
		45ADA00D1F5CF89A00DACBD2 /* Assets.xcassets */ = {isa = PBXFileReference; lastKnownFileType = folder.assetcatalog; path = Assets.xcassets; sourceTree = "<group>"; };
		45ADA0101F5CF89A00DACBD2 /* Base */ = {isa = PBXFileReference; lastKnownFileType = file.storyboard; name = Base; path = Base.lproj/LaunchScreen.storyboard; sourceTree = "<group>"; };
		45ADA0121F5CF89A00DACBD2 /* Info.plist */ = {isa = PBXFileReference; lastKnownFileType = text.plist.xml; path = Info.plist; sourceTree = "<group>"; };
/* End PBXFileReference section */

/* Begin PBXFrameworksBuildPhase section */
		45AD9FFB1F5CF89A00DACBD2 /* Frameworks */ = {
			isa = PBXFrameworksBuildPhase;
			buildActionMask = 2147483647;
			files = (
			);
			runOnlyForDeploymentPostprocessing = 0;
		};
/* End PBXFrameworksBuildPhase section */

/* Begin PBXGroup section */
		45AD9FF51F5CF89A00DACBD2 = {
			isa = PBXGroup;
			children = (
				45ADA0001F5CF89A00DACBD2 /* LocalNotificationDemo */,
				45AD9FFF1F5CF89A00DACBD2 /* Products */,
			);
			sourceTree = "<group>";
		};
		45AD9FFF1F5CF89A00DACBD2 /* Products */ = {
			isa = PBXGroup;
			children = (
				45AD9FFE1F5CF89A00DACBD2 /* LocalNotificationDemo.app */,
			);
			name = Products;
			sourceTree = "<group>";
		};
		45ADA0001F5CF89A00DACBD2 /* LocalNotificationDemo */ = {
			isa = PBXGroup;
			children = (
				45ADA0041F5CF89A00DACBD2 /* AppDelegate.h */,
				45ADA0051F5CF89A00DACBD2 /* AppDelegate.m */,
				45ADA0071F5CF89A00DACBD2 /* ViewController.h */,
				45ADA0081F5CF89A00DACBD2 /* ViewController.m */,
				45ADA00A1F5CF89A00DACBD2 /* Main.storyboard */,
				45ADA00D1F5CF89A00DACBD2 /* Assets.xcassets */,
				45ADA00F1F5CF89A00DACBD2 /* LaunchScreen.storyboard */,
				45ADA0121F5CF89A00DACBD2 /* Info.plist */,
				45ADA0011F5CF89A00DACBD2 /* Supporting Files */,
			);
			path = LocalNotificationDemo;
			sourceTree = "<group>";
		};
		45ADA0011F5CF89A00DACBD2 /* Supporting Files */ = {
			isa = PBXGroup;
			children = (
				45ADA0021F5CF89A00DACBD2 /* main.m */,
			);
			name = "Supporting Files";
			sourceTree = "<group>";
		};
/* End PBXGroup section */

/* Begin PBXNativeTarget section */
		45AD9FFD1F5CF89A00DACBD2 /* LocalNotificationDemo */ = {
			isa = PBXNativeTarget;
			buildConfigurationList = 45ADA0151F5CF89A00DACBD2 /* Build configuration list for PBXNativeTarget "LocalNotificationDemo" */;
			buildPhases = (
				45AD9FFA1F5CF89A00DACBD2 /* Sources */,
				45AD9FFB1F5CF89A00DACBD2 /* Frameworks */,
				45AD9FFC1F5CF89A00DACBD2 /* Resources */,
			);
			buildRules = (
			);
			dependencies = (
			);
			name = LocalNotificationDemo;
			productName = LocalNotificationDemo;
			productReference = 45AD9FFE1F5CF89A00DACBD2 /* LocalNotificationDemo.app */;
			productType = "com.apple.product-type.application";
		};
/* End PBXNativeTarget section */

/* Begin PBXProject section */
		45AD9FF61F5CF89A00DACBD2 /* Project object */ = {
			isa = PBXProject;
			attributes = {
				LastUpgradeCheck = 0830;
				ORGANIZATIONNAME = "来自任性傲娇的女王";
				TargetAttributes = {
					45AD9FFD1F5CF89A00DACBD2 = {
						CreatedOnToolsVersion = 8.3.3;
						DevelopmentTeam = Q4J8HDK83K;
						ProvisioningStyle = Automatic;
					};
				};
			};
			buildConfigurationList = 45AD9FF91F5CF89A00DACBD2 /* Build configuration list for PBXProject "LocalNotificationDemo" */;
			compatibilityVersion = "Xcode 3.2";
			developmentRegion = English;
			hasScannedForEncodings = 0;
			knownRegions = (
				en,
				Base,
			);
			mainGroup = 45AD9FF51F5CF89A00DACBD2;
			productRefGroup = 45AD9FFF1F5CF89A00DACBD2 /* Products */;
			projectDirPath = "";
			projectRoot = "";
			targets = (
				45AD9FFD1F5CF89A00DACBD2 /* LocalNotificationDemo */,
			);
		};
/* End PBXProject section */

/* Begin PBXResourcesBuildPhase section */
		45AD9FFC1F5CF89A00DACBD2 /* Resources */ = {
			isa = PBXResourcesBuildPhase;
			buildActionMask = 2147483647;
			files = (
				45ADA0111F5CF89A00DACBD2 /* LaunchScreen.storyboard in Resources */,
				45ADA00E1F5CF89A00DACBD2 /* Assets.xcassets in Resources */,
				45ADA00C1F5CF89A00DACBD2 /* Main.storyboard in Resources */,
			);
			runOnlyForDeploymentPostprocessing = 0;
		};
/* End PBXResourcesBuildPhase section */

/* Begin PBXSourcesBuildPhase section */
		45AD9FFA1F5CF89A00DACBD2 /* Sources */ = {
			isa = PBXSourcesBuildPhase;
			buildActionMask = 2147483647;
			files = (
				45ADA0091F5CF89A00DACBD2 /* ViewController.m in Sources */,
				45ADA0061F5CF89A00DACBD2 /* AppDelegate.m in Sources */,
				45ADA0031F5CF89A00DACBD2 /* main.m in Sources */,
			);
			runOnlyForDeploymentPostprocessing = 0;
		};
/* End PBXSourcesBuildPhase section */

/* Begin PBXVariantGroup section */
		45ADA00A1F5CF89A00DACBD2 /* Main.storyboard */ = {
			isa = PBXVariantGroup;
			children = (
				45ADA00B1F5CF89A00DACBD2 /* Base */,
			);
			name = Main.storyboard;
			sourceTree = "<group>";
		};
		45ADA00F1F5CF89A00DACBD2 /* LaunchScreen.storyboard */ = {
			isa = PBXVariantGroup;
			children = (
				45ADA0101F5CF89A00DACBD2 /* Base */,
			);
			name = LaunchScreen.storyboard;
			sourceTree = "<group>";
		};
/* End PBXVariantGroup section */

/* Begin XCBuildConfiguration section */
		45ADA0131F5CF89A00DACBD2 /* Debug */ = {
			isa = XCBuildConfiguration;
			buildSettings = {
				ALWAYS_SEARCH_USER_PATHS = NO;
				CLANG_ANALYZER_NONNULL = YES;
				CLANG_ANALYZER_NUMBER_OBJECT_CONVERSION = YES_AGGRESSIVE;
				CLANG_CXX_LANGUAGE_STANDARD = "gnu++0x";
				CLANG_CXX_LIBRARY = "libc++";
				CLANG_ENABLE_MODULES = YES;
				CLANG_ENABLE_OBJC_ARC = YES;
				CLANG_WARN_BOOL_CONVERSION = YES;
				CLANG_WARN_CONSTANT_CONVERSION = YES;
				CLANG_WARN_DIRECT_OBJC_ISA_USAGE = YES_ERROR;
				CLANG_WARN_DOCUMENTATION_COMMENTS = YES;
				CLANG_WARN_EMPTY_BODY = YES;
				CLANG_WARN_ENUM_CONVERSION = YES;
				CLANG_WARN_INFINITE_RECURSION = YES;
				CLANG_WARN_INT_CONVERSION = YES;
				CLANG_WARN_OBJC_ROOT_CLASS = YES_ERROR;
				CLANG_WARN_SUSPICIOUS_MOVE = YES;
				CLANG_WARN_UNREACHABLE_CODE = YES;
				CLANG_WARN__DUPLICATE_METHOD_MATCH = YES;
				"CODE_SIGN_IDENTITY[sdk=iphoneos*]" = "iPhone Developer";
				COPY_PHASE_STRIP = NO;
				DEBUG_INFORMATION_FORMAT = dwarf;
				ENABLE_STRICT_OBJC_MSGSEND = YES;
				ENABLE_TESTABILITY = YES;
				GCC_C_LANGUAGE_STANDARD = gnu99;
				GCC_DYNAMIC_NO_PIC = NO;
				GCC_NO_COMMON_BLOCKS = YES;
				GCC_OPTIMIZATION_LEVEL = 0;
				GCC_PREPROCESSOR_DEFINITIONS = (
					"DEBUG=1",
					"$(inherited)",
				);
				GCC_WARN_64_TO_32_BIT_CONVERSION = YES;
				GCC_WARN_ABOUT_RETURN_TYPE = YES_ERROR;
				GCC_WARN_UNDECLARED_SELECTOR = YES;
				GCC_WARN_UNINITIALIZED_AUTOS = YES_AGGRESSIVE;
				GCC_WARN_UNUSED_FUNCTION = YES;
				GCC_WARN_UNUSED_VARIABLE = YES;
				IPHONEOS_DEPLOYMENT_TARGET = 10.3;
				MTL_ENABLE_DEBUG_INFO = YES;
				ONLY_ACTIVE_ARCH = YES;
				SDKROOT = iphoneos;
			};
			name = Debug;
		};
		45ADA0141F5CF89A00DACBD2 /* Release */ = {
			isa = XCBuildConfiguration;
			buildSettings = {
				ALWAYS_SEARCH_USER_PATHS = NO;
				CLANG_ANALYZER_NONNULL = YES;
				CLANG_ANALYZER_NUMBER_OBJECT_CONVERSION = YES_AGGRESSIVE;
				CLANG_CXX_LANGUAGE_STANDARD = "gnu++0x";
				CLANG_CXX_LIBRARY = "libc++";
				CLANG_ENABLE_MODULES = YES;
				CLANG_ENABLE_OBJC_ARC = YES;
				CLANG_WARN_BOOL_CONVERSION = YES;
				CLANG_WARN_CONSTANT_CONVERSION = YES;
				CLANG_WARN_DIRECT_OBJC_ISA_USAGE = YES_ERROR;
				CLANG_WARN_DOCUMENTATION_COMMENTS = YES;
				CLANG_WARN_EMPTY_BODY = YES;
				CLANG_WARN_ENUM_CONVERSION = YES;
				CLANG_WARN_INFINITE_RECURSION = YES;
				CLANG_WARN_INT_CONVERSION = YES;
				CLANG_WARN_OBJC_ROOT_CLASS = YES_ERROR;
				CLANG_WARN_SUSPICIOUS_MOVE = YES;
				CLANG_WARN_UNREACHABLE_CODE = YES;
				CLANG_WARN__DUPLICATE_METHOD_MATCH = YES;
				"CODE_SIGN_IDENTITY[sdk=iphoneos*]" = "iPhone Developer";
				COPY_PHASE_STRIP = NO;
				DEBUG_INFORMATION_FORMAT = "dwarf-with-dsym";
				ENABLE_NS_ASSERTIONS = NO;
				ENABLE_STRICT_OBJC_MSGSEND = YES;
				GCC_C_LANGUAGE_STANDARD = gnu99;
				GCC_NO_COMMON_BLOCKS = YES;
				GCC_WARN_64_TO_32_BIT_CONVERSION = YES;
				GCC_WARN_ABOUT_RETURN_TYPE = YES_ERROR;
				GCC_WARN_UNDECLARED_SELECTOR = YES;
				GCC_WARN_UNINITIALIZED_AUTOS = YES_AGGRESSIVE;
				GCC_WARN_UNUSED_FUNCTION = YES;
				GCC_WARN_UNUSED_VARIABLE = YES;
				IPHONEOS_DEPLOYMENT_TARGET = 10.3;
				MTL_ENABLE_DEBUG_INFO = NO;
				SDKROOT = iphoneos;
				VALIDATE_PRODUCT = YES;
			};
			name = Release;
		};
		45ADA0161F5CF89A00DACBD2 /* Debug */ = {
			isa = XCBuildConfiguration;
			buildSettings = {
				ASSETCATALOG_COMPILER_APPICON_NAME = AppIcon;
				DEVELOPMENT_TEAM = Q4J8HDK83K;
				INFOPLIST_FILE = LocalNotificationDemo/Info.plist;
				IPHONEOS_DEPLOYMENT_TARGET = 8.0;
				LD_RUNPATH_SEARCH_PATHS = "$(inherited) @executable_path/Frameworks";
				PRODUCT_BUNDLE_IDENTIFIER = "---------.LocalNotificationDemo";
				PRODUCT_NAME = "$(TARGET_NAME)";
			};
			name = Debug;
		};
		45ADA0171F5CF89A00DACBD2 /* Release */ = {
			isa = XCBuildConfiguration;
			buildSettings = {
				ASSETCATALOG_COMPILER_APPICON_NAME = AppIcon;
				DEVELOPMENT_TEAM = Q4J8HDK83K;
				INFOPLIST_FILE = LocalNotificationDemo/Info.plist;
				IPHONEOS_DEPLOYMENT_TARGET = 8.0;
				LD_RUNPATH_SEARCH_PATHS = "$(inherited) @executable_path/Frameworks";
				PRODUCT_BUNDLE_IDENTIFIER = "---------.LocalNotificationDemo";
				PRODUCT_NAME = "$(TARGET_NAME)";
			};
			name = Release;
		};
/* End XCBuildConfiguration section */

/* Begin XCConfigurationList section */
		45AD9FF91F5CF89A00DACBD2 /* Build configuration list for PBXProject "LocalNotificationDemo" */ = {
			isa = XCConfigurationList;
			buildConfigurations = (
				45ADA0131F5CF89A00DACBD2 /* Debug */,
				45ADA0141F5CF89A00DACBD2 /* Release */,
			);
			defaultConfigurationIsVisible = 0;
			defaultConfigurationName = Release;
		};
		45ADA0151F5CF89A00DACBD2 /* Build configuration list for PBXNativeTarget "LocalNotificationDemo" */ = {
			isa = XCConfigurationList;
			buildConfigurations = (
				45ADA0161F5CF89A00DACBD2 /* Debug */,
				45ADA0171F5CF89A00DACBD2 /* Release */,
			);
			defaultConfigurationIsVisible = 0;
			defaultConfigurationName = Release;
		};
/* End XCConfigurationList section */
	};
	rootObject = 45AD9FF61F5CF89A00DACBD2 /* Project object */;
}
